// !$*UTF8*$!
{
	archiveVersion = 1;
	classes = {
	};
	objectVersion = 46;
	objects = {

/* Begin PBXBuildFile section */
		096576E917F6647F00D3191B /* Foundation.framework in Frameworks */ = {isa = PBXBuildFile; fileRef = 096576E817F6647F00D3191B /* Foundation.framework */; };
		096576EB17F6647F00D3191B /* CoreGraphics.framework in Frameworks */ = {isa = PBXBuildFile; fileRef = 096576EA17F6647F00D3191B /* CoreGraphics.framework */; };
		096576ED17F6647F00D3191B /* UIKit.framework in Frameworks */ = {isa = PBXBuildFile; fileRef = 096576EC17F6647F00D3191B /* UIKit.framework */; };
		096576F317F6647F00D3191B /* InfoPlist.strings in Resources */ = {isa = PBXBuildFile; fileRef = 096576F117F6647F00D3191B /* InfoPlist.strings */; };
		096576F517F6647F00D3191B /* main.m in Sources */ = {isa = PBXBuildFile; fileRef = 096576F417F6647F00D3191B /* main.m */; };
		096576F917F6647F00D3191B /* TMAppDelegate.m in Sources */ = {isa = PBXBuildFile; fileRef = 096576F817F6647F00D3191B /* TMAppDelegate.m */; };
		096576FC17F6647F00D3191B /* Main.storyboard in Resources */ = {isa = PBXBuildFile; fileRef = 096576FA17F6647F00D3191B /* Main.storyboard */; };
		096576FF17F6647F00D3191B /* TMViewController.m in Sources */ = {isa = PBXBuildFile; fileRef = 096576FE17F6647F00D3191B /* TMViewController.m */; };
		0965770117F6647F00D3191B /* Images.xcassets in Resources */ = {isa = PBXBuildFile; fileRef = 0965770017F6647F00D3191B /* Images.xcassets */; };
		0965770817F6647F00D3191B /* XCTest.framework in Frameworks */ = {isa = PBXBuildFile; fileRef = 0965770717F6647F00D3191B /* XCTest.framework */; };
		0965770917F6647F00D3191B /* Foundation.framework in Frameworks */ = {isa = PBXBuildFile; fileRef = 096576E817F6647F00D3191B /* Foundation.framework */; };
		0965770A17F6647F00D3191B /* UIKit.framework in Frameworks */ = {isa = PBXBuildFile; fileRef = 096576EC17F6647F00D3191B /* UIKit.framework */; };
		0965771217F6647F00D3191B /* InfoPlist.strings in Resources */ = {isa = PBXBuildFile; fileRef = 0965771017F6647F00D3191B /* InfoPlist.strings */; };
		0965771417F6647F00D3191B /* TestTests.m in Sources */ = {isa = PBXBuildFile; fileRef = 0965771317F6647F00D3191B /* TestTests.m */; };
/* End PBXBuildFile section */

/* Begin PBXContainerItemProxy section */
		0965770B17F6647F00D3191B /* PBXContainerItemProxy */ = {
			isa = PBXContainerItemProxy;
			containerPortal = 096576DD17F6647F00D3191B /* Project object */;
			proxyType = 1;
			remoteGlobalIDString = 096576E417F6647F00D3191B;
			remoteInfo = Test;
		};
/* End PBXContainerItemProxy section */

/* Begin PBXFileReference section */
		096576E517F6647F00D3191B /* Test.app */ = {isa = PBXFileReference; explicitFileType = wrapper.application; includeInIndex = 0; path = Test.app; sourceTree = BUILT_PRODUCTS_DIR; };
		096576E817F6647F00D3191B /* Foundation.framework */ = {isa = PBXFileReference; lastKnownFileType = wrapper.framework; name = Foundation.framework; path = System/Library/Frameworks/Foundation.framework; sourceTree = SDKROOT; };
		096576EA17F6647F00D3191B /* CoreGraphics.framework */ = {isa = PBXFileReference; lastKnownFileType = wrapper.framework; name = CoreGraphics.framework; path = System/Library/Frameworks/CoreGraphics.framework; sourceTree = SDKROOT; };
		096576EC17F6647F00D3191B /* UIKit.framework */ = {isa = PBXFileReference; lastKnownFileType = wrapper.framework; name = UIKit.framework; path = System/Library/Frameworks/UIKit.framework; sourceTree = SDKROOT; };
		096576F017F6647F00D3191B /* Test-Info.plist */ = {isa = PBXFileReference; lastKnownFileType = text.plist.xml; path = "Test-Info.plist"; sourceTree = "<group>"; };
		096576F217F6647F00D3191B /* en */ = {isa = PBXFileReference; lastKnownFileType = text.plist.strings; name = en; path = en.lproj/InfoPlist.strings; sourceTree = "<group>"; };
		096576F417F6647F00D3191B /* main.m */ = {isa = PBXFileReference; lastKnownFileType = sourcecode.c.objc; path = main.m; sourceTree = "<group>"; };
		096576F617F6647F00D3191B /* Test-Prefix.pch */ = {isa = PBXFileReference; lastKnownFileType = sourcecode.c.h; path = "Test-Prefix.pch"; sourceTree = "<group>"; };
		096576F717F6647F00D3191B /* TMAppDelegate.h */ = {isa = PBXFileReference; lastKnownFileType = sourcecode.c.h; path = TMAppDelegate.h; sourceTree = "<group>"; };
		096576F817F6647F00D3191B /* TMAppDelegate.m */ = {isa = PBXFileReference; lastKnownFileType = sourcecode.c.objc; path = TMAppDelegate.m; sourceTree = "<group>"; };
		096576FB17F6647F00D3191B /* Base */ = {isa = PBXFileReference; lastKnownFileType = file.storyboard; name = Base; path = Base.lproj/Main.storyboard; sourceTree = "<group>"; };
		096576FD17F6647F00D3191B /* TMViewController.h */ = {isa = PBXFileReference; lastKnownFileType = sourcecode.c.h; path = TMViewController.h; sourceTree = "<group>"; };
		096576FE17F6647F00D3191B /* TMViewController.m */ = {isa = PBXFileReference; lastKnownFileType = sourcecode.c.objc; path = TMViewController.m; sourceTree = "<group>"; };
		0965770017F6647F00D3191B /* Images.xcassets */ = {isa = PBXFileReference; lastKnownFileType = folder.assetcatalog; path = Images.xcassets; sourceTree = "<group>"; };
		0965770617F6647F00D3191B /* TestTests.xctest */ = {isa = PBXFileReference; explicitFileType = wrapper.cfbundle; includeInIndex = 0; path = TestTests.xctest; sourceTree = BUILT_PRODUCTS_DIR; };
		0965770717F6647F00D3191B /* XCTest.framework */ = {isa = PBXFileReference; lastKnownFileType = wrapper.framework; name = XCTest.framework; path = Library/Frameworks/XCTest.framework; sourceTree = DEVELOPER_DIR; };
		0965770F17F6647F00D3191B /* TestTests-Info.plist */ = {isa = PBXFileReference; lastKnownFileType = text.plist.xml; path = "TestTests-Info.plist"; sourceTree = "<group>"; };
		0965771117F6647F00D3191B /* en */ = {isa = PBXFileReference; lastKnownFileType = text.plist.strings; name = en; path = en.lproj/InfoPlist.strings; sourceTree = "<group>"; };
		0965771317F6647F00D3191B /* TestTests.m */ = {isa = PBXFileReference; lastKnownFileType = sourcecode.c.objc; path = TestTests.m; sourceTree = "<group>"; };
/* End PBXFileReference section */

/* Begin PBXFrameworksBuildPhase section */
		096576E217F6647F00D3191B /* Frameworks */ = {
			isa = PBXFrameworksBuildPhase;
			buildActionMask = 2147483647;
			files = (
				096576EB17F6647F00D3191B /* CoreGraphics.framework in Frameworks */,
				096576ED17F6647F00D3191B /* UIKit.framework in Frameworks */,
				096576E917F6647F00D3191B /* Foundation.framework in Frameworks */,
			);
			runOnlyForDeploymentPostprocessing = 0;
		};
		0965770317F6647F00D3191B /* Frameworks */ = {
			isa = PBXFrameworksBuildPhase;
			buildActionMask = 2147483647;
			files = (
				0965770817F6647F00D3191B /* XCTest.framework in Frameworks */,
				0965770A17F6647F00D3191B /* UIKit.framework in Frameworks */,
				0965770917F6647F00D3191B /* Foundation.framework in Frameworks */,
			);
			runOnlyForDeploymentPostprocessing = 0;
		};
/* End PBXFrameworksBuildPhase section */

/* Begin PBXGroup section */
		096576DC17F6647F00D3191B = {
			isa = PBXGroup;
			children = (
				096576EE17F6647F00D3191B /* Test */,
				0965770D17F6647F00D3191B /* TestTests */,
				096576E717F6647F00D3191B /* Frameworks */,
				096576E617F6647F00D3191B /* Products */,
			);
			sourceTree = "<group>";
		};
		096576E617F6647F00D3191B /* Products */ = {
			isa = PBXGroup;
			children = (
				096576E517F6647F00D3191B /* Test.app */,
				0965770617F6647F00D3191B /* TestTests.xctest */,
			);
			name = Products;
			sourceTree = "<group>";
		};
		096576E717F6647F00D3191B /* Frameworks */ = {
			isa = PBXGroup;
			children = (
				096576E817F6647F00D3191B /* Foundation.framework */,
				096576EA17F6647F00D3191B /* CoreGraphics.framework */,
				096576EC17F6647F00D3191B /* UIKit.framework */,
				0965770717F6647F00D3191B /* XCTest.framework */,
			);
			name = Frameworks;
			sourceTree = "<group>";
		};
		096576EE17F6647F00D3191B /* Test */ = {
			isa = PBXGroup;
			children = (
				096576F717F6647F00D3191B /* TMAppDelegate.h */,
				096576F817F6647F00D3191B /* TMAppDelegate.m */,
				096576FA17F6647F00D3191B /* Main.storyboard */,
				096576FD17F6647F00D3191B /* TMViewController.h */,
				096576FE17F6647F00D3191B /* TMViewController.m */,
				0965770017F6647F00D3191B /* Images.xcassets */,
				096576EF17F6647F00D3191B /* Supporting Files */,
			);
			path = Test;
			sourceTree = "<group>";
		};
		096576EF17F6647F00D3191B /* Supporting Files */ = {
			isa = PBXGroup;
			children = (
				096576F017F6647F00D3191B /* Test-Info.plist */,
				096576F117F6647F00D3191B /* InfoPlist.strings */,
				096576F417F6647F00D3191B /* main.m */,
				096576F617F6647F00D3191B /* Test-Prefix.pch */,
			);
			name = "Supporting Files";
			sourceTree = "<group>";
		};
		0965770D17F6647F00D3191B /* TestTests */ = {
			isa = PBXGroup;
			children = (
				0965771317F6647F00D3191B /* TestTests.m */,
				0965770E17F6647F00D3191B /* Supporting Files */,
			);
			path = TestTests;
			sourceTree = "<group>";
		};
		0965770E17F6647F00D3191B /* Supporting Files */ = {
			isa = PBXGroup;
			children = (
				0965770F17F6647F00D3191B /* TestTests-Info.plist */,
				0965771017F6647F00D3191B /* InfoPlist.strings */,
			);
			name = "Supporting Files";
			sourceTree = "<group>";
		};
/* End PBXGroup section */

/* Begin PBXNativeTarget section */
		096576E417F6647F00D3191B /* Test */ = {
			isa = PBXNativeTarget;
			buildConfigurationList = 0965771717F6647F00D3191B /* Build configuration list for PBXNativeTarget "Test" */;
			buildPhases = (
				096576E117F6647F00D3191B /* Sources */,
				096576E217F6647F00D3191B /* Frameworks */,
				096576E317F6647F00D3191B /* Resources */,
			);
			buildRules = (
			);
			dependencies = (
			);
			name = Test;
			productName = Test;
			productReference = 096576E517F6647F00D3191B /* Test.app */;
			productType = "com.apple.product-type.application";
		};
		0965770517F6647F00D3191B /* TestTests */ = {
			isa = PBXNativeTarget;
			buildConfigurationList = 0965771A17F6647F00D3191B /* Build configuration list for PBXNativeTarget "TestTests" */;
			buildPhases = (
				0965770217F6647F00D3191B /* Sources */,
				0965770317F6647F00D3191B /* Frameworks */,
				0965770417F6647F00D3191B /* Resources */,
			);
			buildRules = (
			);
			dependencies = (
				0965770C17F6647F00D3191B /* PBXTargetDependency */,
			);
			name = TestTests;
			productName = TestTests;
			productReference = 0965770617F6647F00D3191B /* TestTests.xctest */;
			productType = "com.apple.product-type.bundle.unit-test";
		};
/* End PBXNativeTarget section */

/* Begin PBXProject section */
		096576DD17F6647F00D3191B /* Project object */ = {
			isa = PBXProject;
			attributes = {
				CLASSPREFIX = TM;
				LastUpgradeCheck = 0500;
				ORGANIZATIONNAME = "庄 永红";
				TargetAttributes = {
					096576E417F6647F00D3191B = {
						DevelopmentTeam = JYEVZAX5RC;
					};
					0965770517F6647F00D3191B = {
						TestTargetID = 096576E417F6647F00D3191B;
					};
				};
			};
			buildConfigurationList = 096576E017F6647F00D3191B /* Build configuration list for PBXProject "Test" */;
			compatibilityVersion = "Xcode 3.2";
			developmentRegion = English;
			hasScannedForEncodings = 0;
			knownRegions = (
				en,
				Base,
			);
			mainGroup = 096576DC17F6647F00D3191B;
			productRefGroup = 096576E617F6647F00D3191B /* Products */;
			projectDirPath = "";
			projectRoot = "";
			targets = (
				096576E417F6647F00D3191B /* Test */,
				0965770517F6647F00D3191B /* TestTests */,
			);
		};
/* End PBXProject section */

/* Begin PBXResourcesBuildPhase section */
		096576E317F6647F00D3191B /* Resources */ = {
			isa = PBXResourcesBuildPhase;
			buildActionMask = 2147483647;
			files = (
				0965770117F6647F00D3191B /* Images.xcassets in Resources */,
				096576F317F6647F00D3191B /* InfoPlist.strings in Resources */,
				096576FC17F6647F00D3191B /* Main.storyboard in Resources */,
			);
			runOnlyForDeploymentPostprocessing = 0;
		};
		0965770417F6647F00D3191B /* Resources */ = {
			isa = PBXResourcesBuildPhase;
			buildActionMask = 2147483647;
			files = (
				0965771217F6647F00D3191B /* InfoPlist.strings in Resources */,
			);
			runOnlyForDeploymentPostprocessing = 0;
		};
/* End PBXResourcesBuildPhase section */

/* Begin PBXSourcesBuildPhase section */
		096576E117F6647F00D3191B /* Sources */ = {
			isa = PBXSourcesBuildPhase;
			buildActionMask = 2147483647;
			files = (
				096576FF17F6647F00D3191B /* TMViewController.m in Sources */,
				096576F517F6647F00D3191B /* main.m in Sources */,
				096576F917F6647F00D3191B /* TMAppDelegate.m in Sources */,
			);
			runOnlyForDeploymentPostprocessing = 0;
		};
		0965770217F6647F00D3191B /* Sources */ = {
			isa = PBXSourcesBuildPhase;
			buildActionMask = 2147483647;
			files = (
				0965771417F6647F00D3191B /* TestTests.m in Sources */,
			);
			runOnlyForDeploymentPostprocessing = 0;
		};
/* End PBXSourcesBuildPhase section */

/* Begin PBXTargetDependency section */
		0965770C17F6647F00D3191B /* PBXTargetDependency */ = {
			isa = PBXTargetDependency;
			target = 096576E417F6647F00D3191B /* Test */;
			targetProxy = 0965770B17F6647F00D3191B /* PBXContainerItemProxy */;
		};
/* End PBXTargetDependency section */

/* Begin PBXVariantGroup section */
		096576F117F6647F00D3191B /* InfoPlist.strings */ = {
			isa = PBXVariantGroup;
			children = (
				096576F217F6647F00D3191B /* en */,
			);
			name = InfoPlist.strings;
			sourceTree = "<group>";
		};
		096576FA17F6647F00D3191B /* Main.storyboard */ = {
			isa = PBXVariantGroup;
			children = (
				096576FB17F6647F00D3191B /* Base */,
			);
			name = Main.storyboard;
			sourceTree = "<group>";
		};
		0965771017F6647F00D3191B /* InfoPlist.strings */ = {
			isa = PBXVariantGroup;
			children = (
				0965771117F6647F00D3191B /* en */,
			);
			name = InfoPlist.strings;
			sourceTree = "<group>";
		};
/* End PBXVariantGroup section */

/* Begin XCBuildConfiguration section */
		0965771517F6647F00D3191B /* Debug */ = {
			isa = XCBuildConfiguration;
			buildSettings = {
				ALWAYS_SEARCH_USER_PATHS = NO;
				ARCHS = "$(ARCHS_STANDARD_INCLUDING_64_BIT)";
				CLANG_CXX_LANGUAGE_STANDARD = "gnu++0x";
				CLANG_CXX_LIBRARY = "libc++";
				CLANG_ENABLE_MODULES = YES;
				CLANG_ENABLE_OBJC_ARC = YES;
				CLANG_WARN_BOOL_CONVERSION = YES;
				CLANG_WARN_CONSTANT_CONVERSION = YES;
				CLANG_WARN_DIRECT_OBJC_ISA_USAGE = YES_ERROR;
				CLANG_WARN_EMPTY_BODY = YES;
				CLANG_WARN_ENUM_CONVERSION = YES;
				CLANG_WARN_INT_CONVERSION = YES;
				CLANG_WARN_OBJC_ROOT_CLASS = YES_ERROR;
				CLANG_WARN__DUPLICATE_METHOD_MATCH = YES;
				"CODE_SIGN_IDENTITY[sdk=iphoneos*]" = "iPhone Developer";
				COPY_PHASE_STRIP = NO;
				GCC_C_LANGUAGE_STANDARD = gnu99;
				GCC_DYNAMIC_NO_PIC = NO;
				GCC_OPTIMIZATION_LEVEL = 0;
				GCC_PREPROCESSOR_DEFINITIONS = (
					"DEBUG=1",
					"$(inherited)",
				);
				GCC_SYMBOLS_PRIVATE_EXTERN = NO;
				GCC_WARN_64_TO_32_BIT_CONVERSION = YES;
				GCC_WARN_ABOUT_RETURN_TYPE = YES_ERROR;
				GCC_WARN_UNDECLARED_SELECTOR = YES;
				GCC_WARN_UNINITIALIZED_AUTOS = YES;
				GCC_WARN_UNUSED_FUNCTION = YES;
				GCC_WARN_UNUSED_VARIABLE = YES;
				IPHONEOS_DEPLOYMENT_TARGET = 5.0;
				ONLY_ACTIVE_ARCH = YES;
				SDKROOT = iphoneos6.1;
			};
			name = Debug;
		};
		0965771617F6647F00D3191B /* Release */ = {
			isa = XCBuildConfiguration;
			buildSettings = {
				ALWAYS_SEARCH_USER_PATHS = NO;
				ARCHS = "$(ARCHS_STANDARD_INCLUDING_64_BIT)";
				CLANG_CXX_LANGUAGE_STANDARD = "gnu++0x";
				CLANG_CXX_LIBRARY = "libc++";
				CLANG_ENABLE_MODULES = YES;
				CLANG_ENABLE_OBJC_ARC = YES;
				CLANG_WARN_BOOL_CONVERSION = YES;
				CLANG_WARN_CONSTANT_CONVERSION = YES;
				CLANG_WARN_DIRECT_OBJC_ISA_USAGE = YES_ERROR;
				CLANG_WARN_EMPTY_BODY = YES;
				CLANG_WARN_ENUM_CONVERSION = YES;
				CLANG_WARN_INT_CONVERSION = YES;
				CLANG_WARN_OBJC_ROOT_CLASS = YES_ERROR;
				CLANG_WARN__DUPLICATE_METHOD_MATCH = YES;
				"CODE_SIGN_IDENTITY[sdk=iphoneos*]" = "iPhone Developer";
				COPY_PHASE_STRIP = YES;
				ENABLE_NS_ASSERTIONS = NO;
				GCC_C_LANGUAGE_STANDARD = gnu99;
				GCC_WARN_64_TO_32_BIT_CONVERSION = YES;
				GCC_WARN_ABOUT_RETURN_TYPE = YES_ERROR;
				GCC_WARN_UNDECLARED_SELECTOR = YES;
				GCC_WARN_UNINITIALIZED_AUTOS = YES;
				GCC_WARN_UNUSED_FUNCTION = YES;
				GCC_WARN_UNUSED_VARIABLE = YES;
				IPHONEOS_DEPLOYMENT_TARGET = 5.0;
				SDKROOT = iphoneos6.1;
				VALIDATE_PRODUCT = YES;
			};
			name = Release;
		};
		0965771817F6647F00D3191B /* Debug */ = {
			isa = XCBuildConfiguration;
			buildSettings = {
				ASSETCATALOG_COMPILER_APPICON_NAME = AppIcon;
				ASSETCATALOG_COMPILER_LAUNCHIMAGE_NAME = LaunchImage;
				CODE_SIGN_IDENTITY = "iPhone Developer";
				GCC_PRECOMPILE_PREFIX_HEADER = YES;
				GCC_PREFIX_HEADER = "Test/Test-Prefix.pch";
				INFOPLIST_FILE = "Test/Test-Info.plist";
				PRODUCT_NAME = "$(TARGET_NAME)";
				SDKROOT = iphoneos6.1;
				WRAPPER_EXTENSION = app;
			};
			name = Debug;
		};
		0965771917F6647F00D3191B /* Release */ = {
			isa = XCBuildConfiguration;
			buildSettings = {
				ASSETCATALOG_COMPILER_APPICON_NAME = AppIcon;
				ASSETCATALOG_COMPILER_LAUNCHIMAGE_NAME = LaunchImage;
				CODE_SIGN_IDENTITY = "iPhone Developer";
				GCC_PRECOMPILE_PREFIX_HEADER = YES;
				GCC_PREFIX_HEADER = "Test/Test-Prefix.pch";
				INFOPLIST_FILE = "Test/Test-Info.plist";
				PRODUCT_NAME = "$(TARGET_NAME)";
				SDKROOT = iphoneos6.1;
				WRAPPER_EXTENSION = app;
			};
			name = Release;
		};
		0965771B17F6647F00D3191B /* Debug */ = {
			isa = XCBuildConfiguration;
			buildSettings = {
				ARCHS = "$(ARCHS_STANDARD_INCLUDING_64_BIT)";
				BUNDLE_LOADER = "$(BUILT_PRODUCTS_DIR)/Test.app/Test";
				FRAMEWORK_SEARCH_PATHS = (
					"$(SDKROOT)/Developer/Library/Frameworks",
					"$(inherited)",
					"$(DEVELOPER_FRAMEWORKS_DIR)",
				);
				GCC_PRECOMPILE_PREFIX_HEADER = YES;
				GCC_PREFIX_HEADER = "Test/Test-Prefix.pch";
				GCC_PREPROCESSOR_DEFINITIONS = (
					"DEBUG=1",
					"$(inherited)",
				);
				INFOPLIST_FILE = "TestTests/TestTests-Info.plist";
				PRODUCT_NAME = "$(TARGET_NAME)";
				TEST_HOST = "$(BUNDLE_LOADER)";
				WRAPPER_EXTENSION = xctest;
			};
			name = Debug;
		};
		0965771C17F6647F00D3191B /* Release */ = {
			isa = XCBuildConfiguration;
			buildSettings = {
				ARCHS = "$(ARCHS_STANDARD_INCLUDING_64_BIT)";
				BUNDLE_LOADER = "$(BUILT_PRODUCTS_DIR)/Test.app/Test";
				FRAMEWORK_SEARCH_PATHS = (
					"$(SDKROOT)/Developer/Library/Frameworks",
					"$(inherited)",
					"$(DEVELOPER_FRAMEWORKS_DIR)",
				);
				GCC_PRECOMPILE_PREFIX_HEADER = YES;
				GCC_PREFIX_HEADER = "Test/Test-Prefix.pch";
				INFOPLIST_FILE = "TestTests/TestTests-Info.plist";
				PRODUCT_NAME = "$(TARGET_NAME)";
				TEST_HOST = "$(BUNDLE_LOADER)";
				WRAPPER_EXTENSION = xctest;
			};
			name = Release;
		};
/* End XCBuildConfiguration section */

/* Begin XCConfigurationList section */
		096576E017F6647F00D3191B /* Build configuration list for PBXProject "Test" */ = {
			isa = XCConfigurationList;
			buildConfigurations = (
				0965771517F6647F00D3191B /* Debug */,
				0965771617F6647F00D3191B /* Release */,
			);
			defaultConfigurationIsVisible = 0;
			defaultConfigurationName = Release;
		};
		0965771717F6647F00D3191B /* Build configuration list for PBXNativeTarget "Test" */ = {
			isa = XCConfigurationList;
			buildConfigurations = (
				0965771817F6647F00D3191B /* Debug */,
				0965771917F6647F00D3191B /* Release */,
			);
			defaultConfigurationIsVisible = 0;
			defaultConfigurationName = Release;
		};
		0965771A17F6647F00D3191B /* Build configuration list for PBXNativeTarget "TestTests" */ = {
			isa = XCConfigurationList;
			buildConfigurations = (
				0965771B17F6647F00D3191B /* Debug */,
				0965771C17F6647F00D3191B /* Release */,
			);
			defaultConfigurationIsVisible = 0;
			defaultConfigurationName = Release;
		};
/* End XCConfigurationList section */
	};
	rootObject = 096576DD17F6647F00D3191B /* Project object */;
}
